# This file is automatically @generated by Cargo.
# It is not intended for manual editing.
[[package]]
name = "big_s"
version = "1.0.2"
source = "registry+https://github.com/rust-lang/crates.io-index"
checksum = "199edb7b90631283b10c2422e6a0bc8b7d987bf732995ba1de53b576c97e51a8"

[[package]]
name = "logic-solver"
version = "0.1.0"
dependencies = [
 "big_s",
 "maplit",
]

[[package]]
name = "maplit"
version = "1.0.2"
source = "registry+https://github.com/rust-lang/crates.io-index"
checksum = "3e2e65a1a2e43cfcb47a895c4c8b10d1f4a61097f9f254f183aee60cad9c651d"
